
Microsoft Visual Studio Solution File, Format Version 12.00
# Visual Studio Version 17
VisualStudioVersion = 17.3.32901.215
MinimumVisualStudioVersion = 10.0.40219.1
Project("{9A19103F-16F7-4668-BE54-9A1E7A4F7556}") = "Entidades", "Entidades\Entidades.csproj", "{3C7DDB72-3354-4A27-863A-3550ED2FDFB1}"
EndProject
Project("{9A19103F-16F7-4668-BE54-9A1E7A4F7556}") = "Vista", "Vista\Vista.csproj", "{9D2A1DE7-4AAF-43BB-9ED8-867DB2495380}"
EndProject
Project("{9A19103F-16F7-4668-BE54-9A1E7A4F7556}") = "Helper", "Helper\Helper.csproj", "{470A3EDC-E213-4300-B0F5-A20CFD9DCAA5}"
EndProject
Project("{9A19103F-16F7-4668-BE54-9A1E7A4F7556}") = "HelperFormularios", "HelperFormularios\HelperFormularios.csproj", "{124C09DC-88BE-43A2-9CA2-C7FD6B6A6186}"
EndProject
Project("{2150E333-8FDC-42A3-9474-1A3956D46DE8}") = "SQL", "SQL", "{E47ADCA1-806D-43A0-ACE1-153EE9755572}"
EndProject
Project("{9A19103F-16F7-4668-BE54-9A1E7A4F7556}") = "ConexionSQL", "SQL\ConexionSQL\ConexionSQL.csproj", "{4E904AE1-6947-4AE7-9D2C-A8C544DA097E}"
EndProject
Project("{9A19103F-16F7-4668-BE54-9A1E7A4F7556}") = "Consola", "Consola\Consola.csproj", "{2A733D51-3EC5-44E3-86B1-1FEDF83C4DC1}"
EndProject
Project("{9A19103F-16F7-4668-BE54-9A1E7A4F7556}") = "EntidadesDB", "SQL\EntidadesDB\EntidadesDB.csproj", "{F6F4B4FD-319D-4661-B894-69E484EA6499}"
EndProject
Project("{2150E333-8FDC-42A3-9474-1A3956D46DE8}") = "Testing", "Testing", "{BD8D4784-1871-4ADA-988B-B2AE6F2B71FC}"
EndProject
Project("{9A19103F-16F7-4668-BE54-9A1E7A4F7556}") = "TestValidaciones", "Testing\TestValidaciones\TestValidaciones.csproj", "{6CD3F33D-F1FD-41F5-9D3D-A854E323490B}"
EndProject
Project("{FAE04EC0-301F-11D3-BF4B-00C04F79EFBC}") = "TestCompras", "Testing\TestCompras\TestCompras.csproj", "{801B4DF5-04D3-43AD-BE70-F650015236F1}"
EndProject
Global
	GlobalSection(SolutionConfigurationPlatforms) = preSolution
		Debug|Any CPU = Debug|Any CPU
		Release|Any CPU = Release|Any CPU
	EndGlobalSection
	GlobalSection(ProjectConfigurationPlatforms) = postSolution
		{3C7DDB72-3354-4A27-863A-3550ED2FDFB1}.Debug|Any CPU.ActiveCfg = Debug|Any CPU
		{3C7DDB72-3354-4A27-863A-3550ED2FDFB1}.Debug|Any CPU.Build.0 = Debug|Any CPU
		{3C7DDB72-3354-4A27-863A-3550ED2FDFB1}.Release|Any CPU.ActiveCfg = Release|Any CPU
		{3C7DDB72-3354-4A27-863A-3550ED2FDFB1}.Release|Any CPU.Build.0 = Release|Any CPU
		{9D2A1DE7-4AAF-43BB-9ED8-867DB2495380}.Debug|Any CPU.ActiveCfg = Debug|Any CPU
		{9D2A1DE7-4AAF-43BB-9ED8-867DB2495380}.Debug|Any CPU.Build.0 = Debug|Any CPU
		{9D2A1DE7-4AAF-43BB-9ED8-867DB2495380}.Release|Any CPU.ActiveCfg = Release|Any CPU
		{9D2A1DE7-4AAF-43BB-9ED8-867DB2495380}.Release|Any CPU.Build.0 = Release|Any CPU
		{470A3EDC-E213-4300-B0F5-A20CFD9DCAA5}.Debug|Any CPU.ActiveCfg = Debug|Any CPU
		{470A3EDC-E213-4300-B0F5-A20CFD9DCAA5}.Debug|Any CPU.Build.0 = Debug|Any CPU
		{470A3EDC-E213-4300-B0F5-A20CFD9DCAA5}.Release|Any CPU.ActiveCfg = Release|Any CPU
		{470A3EDC-E213-4300-B0F5-A20CFD9DCAA5}.Release|Any CPU.Build.0 = Release|Any CPU
		{124C09DC-88BE-43A2-9CA2-C7FD6B6A6186}.Debug|Any CPU.ActiveCfg = Debug|Any CPU
		{124C09DC-88BE-43A2-9CA2-C7FD6B6A6186}.Debug|Any CPU.Build.0 = Debug|Any CPU
		{124C09DC-88BE-43A2-9CA2-C7FD6B6A6186}.Release|Any CPU.ActiveCfg = Release|Any CPU
		{124C09DC-88BE-43A2-9CA2-C7FD6B6A6186}.Release|Any CPU.Build.0 = Release|Any CPU
		{4E904AE1-6947-4AE7-9D2C-A8C544DA097E}.Debug|Any CPU.ActiveCfg = Debug|Any CPU
		{4E904AE1-6947-4AE7-9D2C-A8C544DA097E}.Debug|Any CPU.Build.0 = Debug|Any CPU
		{4E904AE1-6947-4AE7-9D2C-A8C544DA097E}.Release|Any CPU.ActiveCfg = Release|Any CPU
		{4E904AE1-6947-4AE7-9D2C-A8C544DA097E}.Release|Any CPU.Build.0 = Release|Any CPU
		{2A733D51-3EC5-44E3-86B1-1FEDF83C4DC1}.Debug|Any CPU.ActiveCfg = Debug|Any CPU
		{2A733D51-3EC5-44E3-86B1-1FEDF83C4DC1}.Debug|Any CPU.Build.0 = Debug|Any CPU
		{2A733D51-3EC5-44E3-86B1-1FEDF83C4DC1}.Release|Any CPU.ActiveCfg = Release|Any CPU
		{2A733D51-3EC5-44E3-86B1-1FEDF83C4DC1}.Release|Any CPU.Build.0 = Release|Any CPU
		{F6F4B4FD-319D-4661-B894-69E484EA6499}.Debug|Any CPU.ActiveCfg = Debug|Any CPU
		{F6F4B4FD-319D-4661-B894-69E484EA6499}.Debug|Any CPU.Build.0 = Debug|Any CPU
		{F6F4B4FD-319D-4661-B894-69E484EA6499}.Release|Any CPU.ActiveCfg = Release|Any CPU
		{F6F4B4FD-319D-4661-B894-69E484EA6499}.Release|Any CPU.Build.0 = Release|Any CPU
		{6CD3F33D-F1FD-41F5-9D3D-A854E323490B}.Debug|Any CPU.ActiveCfg = Debug|Any CPU
		{6CD3F33D-F1FD-41F5-9D3D-A854E323490B}.Debug|Any CPU.Build.0 = Debug|Any CPU
		{6CD3F33D-F1FD-41F5-9D3D-A854E323490B}.Release|Any CPU.ActiveCfg = Release|Any CPU
		{6CD3F33D-F1FD-41F5-9D3D-A854E323490B}.Release|Any CPU.Build.0 = Release|Any CPU
		{801B4DF5-04D3-43AD-BE70-F650015236F1}.Debug|Any CPU.ActiveCfg = Debug|Any CPU
		{801B4DF5-04D3-43AD-BE70-F650015236F1}.Debug|Any CPU.Build.0 = Debug|Any CPU
		{801B4DF5-04D3-43AD-BE70-F650015236F1}.Release|Any CPU.ActiveCfg = Release|Any CPU
		{801B4DF5-04D3-43AD-BE70-F650015236F1}.Release|Any CPU.Build.0 = Release|Any CPU
	EndGlobalSection
	GlobalSection(SolutionProperties) = preSolution
		HideSolutionNode = FALSE
	EndGlobalSection
	GlobalSection(NestedProjects) = preSolution
		{4E904AE1-6947-4AE7-9D2C-A8C544DA097E} = {E47ADCA1-806D-43A0-ACE1-153EE9755572}
		{F6F4B4FD-319D-4661-B894-69E484EA6499} = {E47ADCA1-806D-43A0-ACE1-153EE9755572}
		{6CD3F33D-F1FD-41F5-9D3D-A854E323490B} = {BD8D4784-1871-4ADA-988B-B2AE6F2B71FC}
		{801B4DF5-04D3-43AD-BE70-F650015236F1} = {BD8D4784-1871-4ADA-988B-B2AE6F2B71FC}
	EndGlobalSection
	GlobalSection(ExtensibilityGlobals) = postSolution
		SolutionGuid = {63251E6D-3490-4F82-AA1A-EBD0EB3C6992}
	EndGlobalSection
EndGlobal
